
Microsoft Visual Studio Solution File, Format Version 12.00
# Visual Studio Version 17
VisualStudioVersion = 17.4.33213.308
MinimumVisualStudioVersion = 10.0.40219.1
Project("{FAE04EC0-301F-11D3-BF4B-00C04F79EFBC}") = "SortText", "SortText\SortText.csproj", "{49C7A221-66DF-4A31-B324-C28B4F236C47}"
EndProject
Global
	GlobalSection(SolutionConfigurationPlatforms) = preSolution
		Debug|Any CPU = Debug|Any CPU
		Release|Any CPU = Release|Any CPU
	EndGlobalSection
	GlobalSection(ProjectConfigurationPlatforms) = postSolution
		{49C7A221-66DF-4A31-B324-C28B4F236C47}.Debug|Any CPU.ActiveCfg = Debug|Any CPU
		{49C7A221-66DF-4A31-B324-C28B4F236C47}.Debug|Any CPU.Build.0 = Debug|Any CPU
		{49C7A221-66DF-4A31-B324-C28B4F236C47}.Release|Any CPU.ActiveCfg = Release|Any CPU
		{49C7A221-66DF-4A31-B324-C28B4F236C47}.Release|Any CPU.Build.0 = Release|Any CPU
	EndGlobalSection
	GlobalSection(SolutionProperties) = preSolution
		HideSolutionNode = FALSE
	EndGlobalSection
	GlobalSection(ExtensibilityGlobals) = postSolution
		SolutionGuid = {0907509D-97A3-4B07-9059-C0350C869F70}
	EndGlobalSection
EndGlobal
